// !$*UTF8*$!
{
	archiveVersion = 1;
	classes = {
	};
	objectVersion = 46;
	objects = {

/* Begin PBXBuildFile section */
		6504E47B1571791000243F49 /* qoq in Resources */ = {isa = PBXBuildFile; fileRef = 6504E47A1571791000243F49 /* qoq */; };
		6517B40E15B1A52F00C97411 /* CDApplication.m in Sources */ = {isa = PBXBuildFile; fileRef = 6517B40D15B1A52F00C97411 /* CDApplication.m */; };
		6517B41115B1A73E00C97411 /* MainMenu.xib in Resources */ = {isa = PBXBuildFile; fileRef = 6517B40F15B1A73E00C97411 /* MainMenu.xib */; };
		6517B41315B1C35700C97411 /* Icon.icns in Resources */ = {isa = PBXBuildFile; fileRef = 6517B41215B1C35700C97411 /* Icon.icns */; };
		6557EEF7155181A800830335 /* Cocoa.framework in Frameworks */ = {isa = PBXBuildFile; fileRef = 6557EEF6155181A800830335 /* Cocoa.framework */; };
		6557EF01155181A800830335 /* InfoPlist.strings in Resources */ = {isa = PBXBuildFile; fileRef = 6557EEFF155181A800830335 /* InfoPlist.strings */; };
		6557EF03155181A800830335 /* main.m in Sources */ = {isa = PBXBuildFile; fileRef = 6557EF02155181A800830335 /* main.m */; };
		6557EF07155181A800830335 /* Credits.rtf in Resources */ = {isa = PBXBuildFile; fileRef = 6557EF05155181A800830335 /* Credits.rtf */; };
		6557EF0A155181A800830335 /* CDAppDelegate.m in Sources */ = {isa = PBXBuildFile; fileRef = 6557EF09155181A800830335 /* CDAppDelegate.m */; };
		6557EF15155181A900830335 /* SenTestingKit.framework in Frameworks */ = {isa = PBXBuildFile; fileRef = 6557EF14155181A900830335 /* SenTestingKit.framework */; };
		6557EF16155181A900830335 /* Cocoa.framework in Frameworks */ = {isa = PBXBuildFile; fileRef = 6557EEF6155181A800830335 /* Cocoa.framework */; };
		6557EF1E155181A900830335 /* InfoPlist.strings in Resources */ = {isa = PBXBuildFile; fileRef = 6557EF1C155181A900830335 /* InfoPlist.strings */; };
		6557EF21155181A900830335 /* popTests.m in Sources */ = {isa = PBXBuildFile; fileRef = 6557EF20155181A900830335 /* popTests.m */; };
		657557FB1595D9DF00B1FCEF /* PopProxyObject.m in Sources */ = {isa = PBXBuildFile; fileRef = 657557FA1595D9DF00B1FCEF /* PopProxyObject.m */; };
		658A04F8157A3B300079D84F /* README.md in Resources */ = {isa = PBXBuildFile; fileRef = 658A04F7157A3B300079D84F /* README.md */; };
		65E359611564302E007BD73C /* LICENSE in Resources */ = {isa = PBXBuildFile; fileRef = 65E359601564302E007BD73C /* LICENSE */; };
		65E3599015679E8C007BD73C /* PopServer.m in Sources */ = {isa = PBXBuildFile; fileRef = 65E3598F15679E8C007BD73C /* PopServer.m */; };
		65E3599115679E8C007BD73C /* PopServer.m in Sources */ = {isa = PBXBuildFile; fileRef = 65E3598F15679E8C007BD73C /* PopServer.m */; };
/* End PBXBuildFile section */

/* Begin PBXContainerItemProxy section */
		6557EF17155181A900830335 /* PBXContainerItemProxy */ = {
			isa = PBXContainerItemProxy;
			containerPortal = 6557EEE9155181A800830335 /* Project object */;
			proxyType = 1;
			remoteGlobalIDString = 6557EEF1155181A800830335;
			remoteInfo = pop;
		};
		657557E91595C5BD00B1FCEF /* PBXContainerItemProxy */ = {
			isa = PBXContainerItemProxy;
			containerPortal = 657557E41595C5BC00B1FCEF /* SampleApplication.xcodeproj */;
			proxyType = 2;
			remoteGlobalIDString = 657557AC1595C5BB00B1FCEF;
			remoteInfo = SampleApplication;
		};
		657557EB1595C5BD00B1FCEF /* PBXContainerItemProxy */ = {
			isa = PBXContainerItemProxy;
			containerPortal = 657557E41595C5BC00B1FCEF /* SampleApplication.xcodeproj */;
			proxyType = 2;
			remoteGlobalIDString = 657557CD1595C5BC00B1FCEF;
			remoteInfo = SampleApplicationTests;
		};
		65B20CFB15DF950700F6A6C9 /* PBXContainerItemProxy */ = {
			isa = PBXContainerItemProxy;
			containerPortal = 65B20CF715DF950700F6A6C9 /* poi.xcodeproj */;
			proxyType = 2;
			remoteGlobalIDString = 65B20CE515DF950600F6A6C9;
			remoteInfo = poi;
		};
/* End PBXContainerItemProxy section */

/* Begin PBXFileReference section */
		6504E47A1571791000243F49 /* qoq */ = {isa = PBXFileReference; lastKnownFileType = folder; path = qoq; sourceTree = "<group>"; };
		6517B40C15B1A52F00C97411 /* CDApplication.h */ = {isa = PBXFileReference; fileEncoding = 4; lastKnownFileType = sourcecode.c.h; path = CDApplication.h; sourceTree = "<group>"; };
		6517B40D15B1A52F00C97411 /* CDApplication.m */ = {isa = PBXFileReference; fileEncoding = 4; lastKnownFileType = sourcecode.c.objc; path = CDApplication.m; sourceTree = "<group>"; };
		6517B41015B1A73E00C97411 /* en */ = {isa = PBXFileReference; lastKnownFileType = file.xib; name = en; path = en.lproj/MainMenu.xib; sourceTree = "<group>"; };
		6517B41215B1C35700C97411 /* Icon.icns */ = {isa = PBXFileReference; lastKnownFileType = image.icns; path = Icon.icns; sourceTree = "<group>"; };
		6557EEF2155181A800830335 /* pop.app */ = {isa = PBXFileReference; explicitFileType = wrapper.application; includeInIndex = 0; path = pop.app; sourceTree = BUILT_PRODUCTS_DIR; };
		6557EEF6155181A800830335 /* Cocoa.framework */ = {isa = PBXFileReference; lastKnownFileType = wrapper.framework; name = Cocoa.framework; path = System/Library/Frameworks/Cocoa.framework; sourceTree = SDKROOT; };
		6557EEF9155181A800830335 /* AppKit.framework */ = {isa = PBXFileReference; lastKnownFileType = wrapper.framework; name = AppKit.framework; path = System/Library/Frameworks/AppKit.framework; sourceTree = SDKROOT; };
		6557EEFA155181A800830335 /* CoreData.framework */ = {isa = PBXFileReference; lastKnownFileType = wrapper.framework; name = CoreData.framework; path = System/Library/Frameworks/CoreData.framework; sourceTree = SDKROOT; };
		6557EEFB155181A800830335 /* Foundation.framework */ = {isa = PBXFileReference; lastKnownFileType = wrapper.framework; name = Foundation.framework; path = System/Library/Frameworks/Foundation.framework; sourceTree = SDKROOT; };
		6557EEFE155181A800830335 /* pop-Info.plist */ = {isa = PBXFileReference; lastKnownFileType = text.plist.xml; path = "pop-Info.plist"; sourceTree = "<group>"; };
		6557EF00155181A800830335 /* en */ = {isa = PBXFileReference; lastKnownFileType = text.plist.strings; name = en; path = en.lproj/InfoPlist.strings; sourceTree = "<group>"; };
		6557EF02155181A800830335 /* main.m */ = {isa = PBXFileReference; lastKnownFileType = sourcecode.c.objc; path = main.m; sourceTree = "<group>"; };
		6557EF04155181A800830335 /* pop-Prefix.pch */ = {isa = PBXFileReference; lastKnownFileType = sourcecode.c.h; path = "pop-Prefix.pch"; sourceTree = "<group>"; };
		6557EF06155181A800830335 /* en */ = {isa = PBXFileReference; lastKnownFileType = text.rtf; name = en; path = en.lproj/Credits.rtf; sourceTree = "<group>"; };
		6557EF08155181A800830335 /* CDAppDelegate.h */ = {isa = PBXFileReference; lastKnownFileType = sourcecode.c.h; path = CDAppDelegate.h; sourceTree = "<group>"; };
		6557EF09155181A800830335 /* CDAppDelegate.m */ = {isa = PBXFileReference; lastKnownFileType = sourcecode.c.objc; path = CDAppDelegate.m; sourceTree = "<group>"; };
		6557EF13155181A900830335 /* popTests.octest */ = {isa = PBXFileReference; explicitFileType = wrapper.cfbundle; includeInIndex = 0; path = popTests.octest; sourceTree = BUILT_PRODUCTS_DIR; };
		6557EF14155181A900830335 /* SenTestingKit.framework */ = {isa = PBXFileReference; lastKnownFileType = wrapper.framework; name = SenTestingKit.framework; path = Library/Frameworks/SenTestingKit.framework; sourceTree = DEVELOPER_DIR; };
		6557EF1B155181A900830335 /* popTests-Info.plist */ = {isa = PBXFileReference; lastKnownFileType = text.plist.xml; path = "popTests-Info.plist"; sourceTree = "<group>"; };
		6557EF1D155181A900830335 /* en */ = {isa = PBXFileReference; lastKnownFileType = text.plist.strings; name = en; path = en.lproj/InfoPlist.strings; sourceTree = "<group>"; };
		6557EF1F155181A900830335 /* popTests.h */ = {isa = PBXFileReference; lastKnownFileType = sourcecode.c.h; path = popTests.h; sourceTree = "<group>"; };
		6557EF20155181A900830335 /* popTests.m */ = {isa = PBXFileReference; lastKnownFileType = sourcecode.c.objc; path = popTests.m; sourceTree = "<group>"; };
		657557E41595C5BC00B1FCEF /* SampleApplication.xcodeproj */ = {isa = PBXFileReference; lastKnownFileType = "wrapper.pb-project"; name = SampleApplication.xcodeproj; path = SampleApplication/SampleApplication.xcodeproj; sourceTree = "<group>"; };
		657557F91595D9DF00B1FCEF /* PopProxyObject.h */ = {isa = PBXFileReference; fileEncoding = 4; lastKnownFileType = sourcecode.c.h; path = PopProxyObject.h; sourceTree = "<group>"; };
		657557FA1595D9DF00B1FCEF /* PopProxyObject.m */ = {isa = PBXFileReference; fileEncoding = 4; lastKnownFileType = sourcecode.c.objc; path = PopProxyObject.m; sourceTree = "<group>"; };
		658A04F7157A3B300079D84F /* README.md */ = {isa = PBXFileReference; fileEncoding = 4; lastKnownFileType = text; path = README.md; sourceTree = "<group>"; };
		65B20CF715DF950700F6A6C9 /* poi.xcodeproj */ = {isa = PBXFileReference; lastKnownFileType = "wrapper.pb-project"; name = poi.xcodeproj; path = poi/poi.xcodeproj; sourceTree = "<group>"; };
		65E359601564302E007BD73C /* LICENSE */ = {isa = PBXFileReference; fileEncoding = 4; lastKnownFileType = text; path = LICENSE; sourceTree = "<group>"; };
		65E3598E15679E8C007BD73C /* PopServer.h */ = {isa = PBXFileReference; fileEncoding = 4; lastKnownFileType = sourcecode.c.h; path = PopServer.h; sourceTree = "<group>"; };
		65E3598F15679E8C007BD73C /* PopServer.m */ = {isa = PBXFileReference; fileEncoding = 4; lastKnownFileType = sourcecode.c.objc; path = PopServer.m; sourceTree = "<group>"; };
/* End PBXFileReference section */

/* Begin PBXFrameworksBuildPhase section */
		6557EEEF155181A800830335 /* Frameworks */ = {
			isa = PBXFrameworksBuildPhase;
			buildActionMask = 2147483647;
			files = (
				6557EEF7155181A800830335 /* Cocoa.framework in Frameworks */,
			);
			runOnlyForDeploymentPostprocessing = 0;
		};
		6557EF0F155181A900830335 /* Frameworks */ = {
			isa = PBXFrameworksBuildPhase;
			buildActionMask = 2147483647;
			files = (
				6557EF15155181A900830335 /* SenTestingKit.framework in Frameworks */,
				6557EF16155181A900830335 /* Cocoa.framework in Frameworks */,
			);
			runOnlyForDeploymentPostprocessing = 0;
		};
/* End PBXFrameworksBuildPhase section */

/* Begin PBXGroup section */
		6557EEE7155181A800830335 = {
			isa = PBXGroup;
			children = (
				6557EEF5155181A800830335 /* Frameworks */,
				6557EEFC155181A800830335 /* pop */,
				6557EF19155181A900830335 /* popTests */,
				6557EEF3155181A800830335 /* Products */,
				658A04F7157A3B300079D84F /* README.md */,
				65B20CF715DF950700F6A6C9 /* poi.xcodeproj */,
				657557E41595C5BC00B1FCEF /* SampleApplication.xcodeproj */,
			);
			sourceTree = "<group>";
		};
		6557EEF3155181A800830335 /* Products */ = {
			isa = PBXGroup;
			children = (
				6557EEF2155181A800830335 /* pop.app */,
				6557EF13155181A900830335 /* popTests.octest */,
			);
			name = Products;
			sourceTree = "<group>";
		};
		6557EEF5155181A800830335 /* Frameworks */ = {
			isa = PBXGroup;
			children = (
				6557EEF6155181A800830335 /* Cocoa.framework */,
				6557EF14155181A900830335 /* SenTestingKit.framework */,
				6557EEF8155181A800830335 /* Other Frameworks */,
			);
			name = Frameworks;
			sourceTree = "<group>";
		};
		6557EEF8155181A800830335 /* Other Frameworks */ = {
			isa = PBXGroup;
			children = (
				6557EEF9155181A800830335 /* AppKit.framework */,
				6557EEFA155181A800830335 /* CoreData.framework */,
				6557EEFB155181A800830335 /* Foundation.framework */,
			);
			name = "Other Frameworks";
			sourceTree = "<group>";
		};
		6557EEFC155181A800830335 /* pop */ = {
			isa = PBXGroup;
			children = (
				6557EF08155181A800830335 /* CDAppDelegate.h */,
				6557EF09155181A800830335 /* CDAppDelegate.m */,
				6517B40C15B1A52F00C97411 /* CDApplication.h */,
				6517B40D15B1A52F00C97411 /* CDApplication.m */,
				657557F91595D9DF00B1FCEF /* PopProxyObject.h */,
				657557FA1595D9DF00B1FCEF /* PopProxyObject.m */,
				65E3598E15679E8C007BD73C /* PopServer.h */,
				65E3598F15679E8C007BD73C /* PopServer.m */,
				6557EEFD155181A800830335 /* Supporting Files */,
			);
			path = pop;
			sourceTree = "<group>";
		};
		6557EEFD155181A800830335 /* Supporting Files */ = {
			isa = PBXGroup;
			children = (
				6517B41215B1C35700C97411 /* Icon.icns */,
				6557EF05155181A800830335 /* Credits.rtf */,
				6557EEFF155181A800830335 /* InfoPlist.strings */,
				65E359601564302E007BD73C /* LICENSE */,
				6557EF02155181A800830335 /* main.m */,
				6517B40F15B1A73E00C97411 /* MainMenu.xib */,
				6557EEFE155181A800830335 /* pop-Info.plist */,
				6557EF04155181A800830335 /* pop-Prefix.pch */,
				6504E47A1571791000243F49 /* qoq */,
			);
			name = "Supporting Files";
			sourceTree = "<group>";
		};
		6557EF19155181A900830335 /* popTests */ = {
			isa = PBXGroup;
			children = (
				6557EF1F155181A900830335 /* popTests.h */,
				6557EF20155181A900830335 /* popTests.m */,
				6557EF1A155181A900830335 /* Supporting Files */,
			);
			path = popTests;
			sourceTree = "<group>";
		};
		6557EF1A155181A900830335 /* Supporting Files */ = {
			isa = PBXGroup;
			children = (
				6557EF1B155181A900830335 /* popTests-Info.plist */,
				6557EF1C155181A900830335 /* InfoPlist.strings */,
			);
			name = "Supporting Files";
			sourceTree = "<group>";
		};
		657557E51595C5BC00B1FCEF /* Products */ = {
			isa = PBXGroup;
			children = (
				657557EA1595C5BD00B1FCEF /* SampleApplication.app */,
				657557EC1595C5BD00B1FCEF /* SampleApplicationTests.octest */,
			);
			name = Products;
			sourceTree = "<group>";
		};
		65B20CF815DF950700F6A6C9 /* Products */ = {
			isa = PBXGroup;
			children = (
				65B20CFC15DF950700F6A6C9 /* poi */,
			);
			name = Products;
			sourceTree = "<group>";
		};
/* End PBXGroup section */

/* Begin PBXNativeTarget section */
		6557EEF1155181A800830335 /* pop */ = {
			isa = PBXNativeTarget;
			buildConfigurationList = 6557EF24155181A900830335 /* Build configuration list for PBXNativeTarget "pop" */;
			buildPhases = (
				6557EEEE155181A800830335 /* Sources */,
				6557EEEF155181A800830335 /* Frameworks */,
				6557EEF0155181A800830335 /* Resources */,
			);
			buildRules = (
			);
			dependencies = (
			);
			name = pop;
			productName = pop;
			productReference = 6557EEF2155181A800830335 /* pop.app */;
			productType = "com.apple.product-type.application";
		};
		6557EF12155181A900830335 /* popTests */ = {
			isa = PBXNativeTarget;
			buildConfigurationList = 6557EF27155181A900830335 /* Build configuration list for PBXNativeTarget "popTests" */;
			buildPhases = (
				6557EF0E155181A900830335 /* Sources */,
				6557EF0F155181A900830335 /* Frameworks */,
				6557EF10155181A900830335 /* Resources */,
				6557EF11155181A900830335 /* ShellScript */,
			);
			buildRules = (
			);
			dependencies = (
				6557EF18155181A900830335 /* PBXTargetDependency */,
			);
			name = popTests;
			productName = popTests;
			productReference = 6557EF13155181A900830335 /* popTests.octest */;
			productType = "com.apple.product-type.bundle";
		};
/* End PBXNativeTarget section */

/* Begin PBXProject section */
		6557EEE9155181A800830335 /* Project object */ = {
			isa = PBXProject;
			attributes = {
				CLASSPREFIX = CD;
				LastUpgradeCheck = 0440;
				ORGANIZATIONNAME = cundd;
			};
			buildConfigurationList = 6557EEEC155181A800830335 /* Build configuration list for PBXProject "pop" */;
			compatibilityVersion = "Xcode 3.2";
			developmentRegion = English;
			hasScannedForEncodings = 0;
			knownRegions = (
				en,
			);
			mainGroup = 6557EEE7155181A800830335;
			productRefGroup = 6557EEF3155181A800830335 /* Products */;
			projectDirPath = "";
			projectReferences = (
				{
					ProductGroup = 65B20CF815DF950700F6A6C9 /* Products */;
					ProjectRef = 65B20CF715DF950700F6A6C9 /* poi.xcodeproj */;
				},
				{
					ProductGroup = 657557E51595C5BC00B1FCEF /* Products */;
					ProjectRef = 657557E41595C5BC00B1FCEF /* SampleApplication.xcodeproj */;
				},
			);
			projectRoot = "";
			targets = (
				6557EEF1155181A800830335 /* pop */,
				6557EF12155181A900830335 /* popTests */,
			);
		};
/* End PBXProject section */

/* Begin PBXReferenceProxy section */
		657557EA1595C5BD00B1FCEF /* SampleApplication.app */ = {
			isa = PBXReferenceProxy;
			fileType = wrapper.application;
			path = SampleApplication.app;
			remoteRef = 657557E91595C5BD00B1FCEF /* PBXContainerItemProxy */;
			sourceTree = BUILT_PRODUCTS_DIR;
		};
		657557EC1595C5BD00B1FCEF /* SampleApplicationTests.octest */ = {
			isa = PBXReferenceProxy;
			fileType = wrapper.cfbundle;
			path = SampleApplicationTests.octest;
			remoteRef = 657557EB1595C5BD00B1FCEF /* PBXContainerItemProxy */;
			sourceTree = BUILT_PRODUCTS_DIR;
		};
		65B20CFC15DF950700F6A6C9 /* poi */ = {
			isa = PBXReferenceProxy;
			fileType = "compiled.mach-o.executable";
			path = poi;
			remoteRef = 65B20CFB15DF950700F6A6C9 /* PBXContainerItemProxy */;
			sourceTree = BUILT_PRODUCTS_DIR;
		};
/* End PBXReferenceProxy section */

/* Begin PBXResourcesBuildPhase section */
		6557EEF0155181A800830335 /* Resources */ = {
			isa = PBXResourcesBuildPhase;
			buildActionMask = 2147483647;
			files = (
				6557EF01155181A800830335 /* InfoPlist.strings in Resources */,
				6557EF07155181A800830335 /* Credits.rtf in Resources */,
				65E359611564302E007BD73C /* LICENSE in Resources */,
				6504E47B1571791000243F49 /* qoq in Resources */,
				658A04F8157A3B300079D84F /* README.md in Resources */,
				6517B41115B1A73E00C97411 /* MainMenu.xib in Resources */,
				6517B41315B1C35700C97411 /* Icon.icns in Resources */,
			);
			runOnlyForDeploymentPostprocessing = 0;
		};
		6557EF10155181A900830335 /* Resources */ = {
			isa = PBXResourcesBuildPhase;
			buildActionMask = 2147483647;
			files = (
				6557EF1E155181A900830335 /* InfoPlist.strings in Resources */,
			);
			runOnlyForDeploymentPostprocessing = 0;
		};
/* End PBXResourcesBuildPhase section */

/* Begin PBXShellScriptBuildPhase section */
		6557EF11155181A900830335 /* ShellScript */ = {
			isa = PBXShellScriptBuildPhase;
			buildActionMask = 2147483647;
			files = (
			);
			inputPaths = (
			);
			outputPaths = (
			);
			runOnlyForDeploymentPostprocessing = 0;
			shellPath = /bin/sh;
			shellScript = "# Run the unit tests in this test bundle.\n\"${SYSTEM_DEVELOPER_DIR}/Tools/RunUnitTests\"\n";
		};
/* End PBXShellScriptBuildPhase section */

/* Begin PBXSourcesBuildPhase section */
		6557EEEE155181A800830335 /* Sources */ = {
			isa = PBXSourcesBuildPhase;
			buildActionMask = 2147483647;
			files = (
				6557EF03155181A800830335 /* main.m in Sources */,
				6557EF0A155181A800830335 /* CDAppDelegate.m in Sources */,
				65E3599015679E8C007BD73C /* PopServer.m in Sources */,
				657557FB1595D9DF00B1FCEF /* PopProxyObject.m in Sources */,
				6517B40E15B1A52F00C97411 /* CDApplication.m in Sources */,
			);
			runOnlyForDeploymentPostprocessing = 0;
		};
		6557EF0E155181A900830335 /* Sources */ = {
			isa = PBXSourcesBuildPhase;
			buildActionMask = 2147483647;
			files = (
				6557EF21155181A900830335 /* popTests.m in Sources */,
				65E3599115679E8C007BD73C /* PopServer.m in Sources */,
			);
			runOnlyForDeploymentPostprocessing = 0;
		};
/* End PBXSourcesBuildPhase section */

/* Begin PBXTargetDependency section */
		6557EF18155181A900830335 /* PBXTargetDependency */ = {
			isa = PBXTargetDependency;
			target = 6557EEF1155181A800830335 /* pop */;
			targetProxy = 6557EF17155181A900830335 /* PBXContainerItemProxy */;
		};
/* End PBXTargetDependency section */

/* Begin PBXVariantGroup section */
		6517B40F15B1A73E00C97411 /* MainMenu.xib */ = {
			isa = PBXVariantGroup;
			children = (
				6517B41015B1A73E00C97411 /* en */,
			);
			name = MainMenu.xib;
			sourceTree = "<group>";
		};
		6557EEFF155181A800830335 /* InfoPlist.strings */ = {
			isa = PBXVariantGroup;
			children = (
				6557EF00155181A800830335 /* en */,
			);
			name = InfoPlist.strings;
			sourceTree = "<group>";
		};
		6557EF05155181A800830335 /* Credits.rtf */ = {
			isa = PBXVariantGroup;
			children = (
				6557EF06155181A800830335 /* en */,
			);
			name = Credits.rtf;
			sourceTree = "<group>";
		};
		6557EF1C155181A900830335 /* InfoPlist.strings */ = {
			isa = PBXVariantGroup;
			children = (
				6557EF1D155181A900830335 /* en */,
			);
			name = InfoPlist.strings;
			sourceTree = "<group>";
		};
/* End PBXVariantGroup section */

/* Begin XCBuildConfiguration section */
		6557EF22155181A900830335 /* Debug */ = {
			isa = XCBuildConfiguration;
			buildSettings = {
				ALWAYS_SEARCH_USER_PATHS = NO;
				ARCHS = "$(ARCHS_STANDARD_64_BIT)";
				CLANG_ENABLE_OBJC_ARC = NO;
				COPY_PHASE_STRIP = NO;
				GCC_C_LANGUAGE_STANDARD = gnu99;
				GCC_DYNAMIC_NO_PIC = NO;
				GCC_ENABLE_OBJC_EXCEPTIONS = YES;
				GCC_ENABLE_OBJC_GC = unsupported;
				GCC_OPTIMIZATION_LEVEL = 0;
				GCC_PREPROCESSOR_DEFINITIONS = (
					"DEBUG=1",
					"$(inherited)",
				);
				GCC_SYMBOLS_PRIVATE_EXTERN = NO;
				GCC_VERSION = com.apple.compilers.llvm.clang.1_0;
				GCC_WARN_64_TO_32_BIT_CONVERSION = YES;
				GCC_WARN_ABOUT_RETURN_TYPE = YES;
				GCC_WARN_UNINITIALIZED_AUTOS = YES;
				GCC_WARN_UNUSED_VARIABLE = YES;
				MACOSX_DEPLOYMENT_TARGET = 10.7;
				ONLY_ACTIVE_ARCH = YES;
				SDKROOT = macosx;
			};
			name = Debug;
		};
		6557EF23155181A900830335 /* Release */ = {
			isa = XCBuildConfiguration;
			buildSettings = {
				ALWAYS_SEARCH_USER_PATHS = NO;
				ARCHS = "$(ARCHS_STANDARD_64_BIT)";
				CLANG_ENABLE_OBJC_ARC = NO;
				COPY_PHASE_STRIP = YES;
				DEBUG_INFORMATION_FORMAT = "dwarf-with-dsym";
				GCC_C_LANGUAGE_STANDARD = gnu99;
				GCC_ENABLE_OBJC_EXCEPTIONS = YES;
				GCC_ENABLE_OBJC_GC = unsupported;
				GCC_VERSION = com.apple.compilers.llvm.clang.1_0;
				GCC_WARN_64_TO_32_BIT_CONVERSION = YES;
				GCC_WARN_ABOUT_RETURN_TYPE = YES;
				GCC_WARN_UNINITIALIZED_AUTOS = YES;
				GCC_WARN_UNUSED_VARIABLE = YES;
				MACOSX_DEPLOYMENT_TARGET = 10.7;
				SDKROOT = macosx;
			};
			name = Release;
		};
		6557EF25155181A900830335 /* Debug */ = {
			isa = XCBuildConfiguration;
			buildSettings = {
				COMBINE_HIDPI_IMAGES = YES;
				GCC_ENABLE_OBJC_GC = required;
				GCC_PRECOMPILE_PREFIX_HEADER = YES;
				GCC_PREFIX_HEADER = "pop/pop-Prefix.pch";
				GCC_PREPROCESSOR_DEFINITIONS = (
					"$(inherited)",
					"USE_NCURSES=1",
				);
				INFOPLIST_FILE = "pop/pop-Info.plist";
				MACOSX_DEPLOYMENT_TARGET = 10.7;
				OTHER_LDFLAGS = "-lncurses";
				PRODUCT_NAME = "$(TARGET_NAME)";
				WRAPPER_EXTENSION = app;
			};
			name = Debug;
		};
		6557EF26155181A900830335 /* Release */ = {
			isa = XCBuildConfiguration;
			buildSettings = {
				COMBINE_HIDPI_IMAGES = YES;
				GCC_ENABLE_OBJC_GC = required;
				GCC_PRECOMPILE_PREFIX_HEADER = YES;
				GCC_PREFIX_HEADER = "pop/pop-Prefix.pch";
				GCC_PREPROCESSOR_DEFINITIONS = "USE_NCURSES=1";
				INFOPLIST_FILE = "pop/pop-Info.plist";
				MACOSX_DEPLOYMENT_TARGET = 10.7;
				OTHER_LDFLAGS = "-lncurses";
				PRODUCT_NAME = "$(TARGET_NAME)";
				WRAPPER_EXTENSION = app;
			};
			name = Release;
		};
		6557EF28155181A900830335 /* Debug */ = {
			isa = XCBuildConfiguration;
			buildSettings = {
				BUNDLE_LOADER = "$(BUILT_PRODUCTS_DIR)/pop.app/Contents/MacOS/pop";
				COMBINE_HIDPI_IMAGES = YES;
				FRAMEWORK_SEARCH_PATHS = "$(DEVELOPER_LIBRARY_DIR)/Frameworks";
				GCC_PRECOMPILE_PREFIX_HEADER = YES;
				GCC_PREFIX_HEADER = "pop/pop-Prefix.pch";
				INFOPLIST_FILE = "popTests/popTests-Info.plist";
				PRODUCT_NAME = "$(TARGET_NAME)";
				TEST_HOST = "$(BUNDLE_LOADER)";
				WRAPPER_EXTENSION = octest;
			};
			name = Debug;
		};
		6557EF29155181A900830335 /* Release */ = {
			isa = XCBuildConfiguration;
			buildSettings = {
				BUNDLE_LOADER = "$(BUILT_PRODUCTS_DIR)/pop.app/Contents/MacOS/pop";
				COMBINE_HIDPI_IMAGES = YES;
				FRAMEWORK_SEARCH_PATHS = "$(DEVELOPER_LIBRARY_DIR)/Frameworks";
				GCC_PRECOMPILE_PREFIX_HEADER = YES;
				GCC_PREFIX_HEADER = "pop/pop-Prefix.pch";
				INFOPLIST_FILE = "popTests/popTests-Info.plist";
				PRODUCT_NAME = "$(TARGET_NAME)";
				TEST_HOST = "$(BUNDLE_LOADER)";
				WRAPPER_EXTENSION = octest;
			};
			name = Release;
		};
/* End XCBuildConfiguration section */

/* Begin XCConfigurationList section */
		6557EEEC155181A800830335 /* Build configuration list for PBXProject "pop" */ = {
			isa = XCConfigurationList;
			buildConfigurations = (
				6557EF22155181A900830335 /* Debug */,
				6557EF23155181A900830335 /* Release */,
			);
			defaultConfigurationIsVisible = 0;
			defaultConfigurationName = Release;
		};
		6557EF24155181A900830335 /* Build configuration list for PBXNativeTarget "pop" */ = {
			isa = XCConfigurationList;
			buildConfigurations = (
				6557EF25155181A900830335 /* Debug */,
				6557EF26155181A900830335 /* Release */,
			);
			defaultConfigurationIsVisible = 0;
			defaultConfigurationName = Release;
		};
		6557EF27155181A900830335 /* Build configuration list for PBXNativeTarget "popTests" */ = {
			isa = XCConfigurationList;
			buildConfigurations = (
				6557EF28155181A900830335 /* Debug */,
				6557EF29155181A900830335 /* Release */,
			);
			defaultConfigurationIsVisible = 0;
			defaultConfigurationName = Release;
		};
/* End XCConfigurationList section */
	};
	rootObject = 6557EEE9155181A800830335 /* Project object */;
}
